{
  "name": "@torian12321/typescript-config",
  "version": "0.0.4",
  "lockfileVersion": 3,
  "requires": true,
  "packages": {
    "": {
      "name": "@torian12321/typescript-config",
      "version": "0.0.4",
      "license": "MIT",
      "devDependencies": {
        "@torian12321/prettier-config": "^0.0.2",
        "prettier": "^3.6.2"
      }
    },
    "node_modules/@torian12321/prettier-config": {
      "version": "0.0.2",
      "resolved": "https://npm.pkg.github.com/download/@torian12321/prettier-config/0.0.2/726ee334c27b26916b27a8abbad8d2042a8bc97b",
      "integrity": "sha512-iRW7DZp5MbW8QnXpqzsz9o2YmxBDCNTNqygQVPbuAF0YTb4p9CPctTTARXhUTrvF2/vTsbOFiSDfCm9ve2zZHw==",
      "dev": true
    },
    "node_modules/prettier": {
      "version": "3.6.2",
      "resolved": "https://registry.npmjs.org/prettier/-/prettier-3.6.2.tgz",
      "integrity": "sha512-I7AIg5boAr5R0FFtJ6rCfD+LFsWHp81dolrFD8S79U9tb8Az2nGrJncnMSnys+bpQJfRUzqs9hnA81OAA3hCuQ==",
      "dev": true,
      "license": "MIT",
      "bin": {
        "prettier": "bin/prettier.cjs"
      },
      "engines": {
        "node": ">=14"
      },
      "funding": {
        "url": "https://github.com/prettier/prettier?sponsor=1"
      }
    }
  }
}
