{
  "name": "@torian12321/typescript-config",
  "version": "0.0.5",
  "lockfileVersion": 3,
  "requires": true,
  "packages": {
    "": {
      "name": "@torian12321/typescript-config",
      "version": "0.0.5",
      "devDependencies": {
        "@torian12321/prettier-config": "^0.0.4",
        "prettier": "^3.7.3"
      }
    },
    "node_modules/@torian12321/prettier-config": {
      "version": "0.0.4",
      "resolved": "https://npm.pkg.github.com/download/@torian12321/prettier-config/0.0.4/ceb7e331ff93a46e59736a410d4ebe0f3bd329cc",
      "integrity": "sha512-HoetuHCOu98+J6QoWJP7bXY2nHuywA6Bz8bhthKzbesLtV9CuaM7LC1F+XsxVfDk+zSG/92kuDgYDyxyMivFuA==",
      "dev": true
    },
    "node_modules/prettier": {
      "version": "3.7.3",
      "resolved": "https://registry.npmjs.org/prettier/-/prettier-3.7.3.tgz",
      "integrity": "sha512-QgODejq9K3OzoBbuyobZlUhznP5SKwPqp+6Q6xw6o8gnhr4O85L2U915iM2IDcfF2NPXVaM9zlo9tdwipnYwzg==",
      "dev": true,
      "license": "MIT",
      "bin": {
        "prettier": "bin/prettier.cjs"
      },
      "engines": {
        "node": ">=14"
      },
      "funding": {
        "url": "https://github.com/prettier/prettier?sponsor=1"
      }
    }
  }
}
