{
  "name": "@torian12321/typescript-config",
  "version": "0.0.0",
  "lockfileVersion": 3,
  "requires": true,
  "packages": {
    "": {
      "name": "@torian12321/typescript-config",
      "version": "0.0.0",
      "hasInstallScript": true,
      "license": "MIT",
      "devDependencies": {
        "@torian12321/prettier-config": "^0.0.1",
        "prettier": "^3.6.2"
      }
    },
    "node_modules/@torian12321/prettier-config": {
      "version": "0.0.1",
      "resolved": "https://npm.pkg.github.com/download/@torian12321/prettier-config/0.0.1/d3174d9e08adf4b60717f8a8e6688acb5448dd40",
      "integrity": "sha512-fA2YL68QM4u7VGnp/JDngbBNlcHVIxq0fMb/6WxRBfSGX3kE5DpfcXZ+QSR53ngiOElh3v2svh8ZC2CSkxzbNA==",
      "dev": true,
      "hasInstallScript": true
    },
    "node_modules/prettier": {
      "version": "3.6.2",
      "resolved": "https://registry.npmjs.org/prettier/-/prettier-3.6.2.tgz",
      "integrity": "sha512-I7AIg5boAr5R0FFtJ6rCfD+LFsWHp81dolrFD8S79U9tb8Az2nGrJncnMSnys+bpQJfRUzqs9hnA81OAA3hCuQ==",
      "dev": true,
      "license": "MIT",
      "bin": {
        "prettier": "bin/prettier.cjs"
      },
      "engines": {
        "node": ">=14"
      },
      "funding": {
        "url": "https://github.com/prettier/prettier?sponsor=1"
      }
    }
  }
}
